// !$*UTF8*$!
{
	archiveVersion = 1;
	classes = {
	};
	objectVersion = 46;
	objects = {

/* Begin PBXBuildFile section */
		9C569C332359DA7400106573 /* AppDelegate.m in Sources */ = {isa = PBXBuildFile; fileRef = 9C569C322359DA7400106573 /* AppDelegate.m */; };
		9C569C362359DA7400106573 /* ViewController.m in Sources */ = {isa = PBXBuildFile; fileRef = 9C569C352359DA7400106573 /* ViewController.m */; };
		9C569C392359DA7400106573 /* Main.storyboard in Resources */ = {isa = PBXBuildFile; fileRef = 9C569C372359DA7400106573 /* Main.storyboard */; };
		9C569C3B2359DA7500106573 /* Assets.xcassets in Resources */ = {isa = PBXBuildFile; fileRef = 9C569C3A2359DA7500106573 /* Assets.xcassets */; };
		9C569C3E2359DA7500106573 /* LaunchScreen.storyboard in Resources */ = {isa = PBXBuildFile; fileRef = 9C569C3C2359DA7500106573 /* LaunchScreen.storyboard */; };
		9C569C412359DA7500106573 /* main.m in Sources */ = {isa = PBXBuildFile; fileRef = 9C569C402359DA7500106573 /* main.m */; };
		9C569C4D2359DE6300106573 /* n.png in Resources */ = {isa = PBXBuildFile; fileRef = 9C569C492359DE6200106573 /* n.png */; };
		9C569C4E2359DE6300106573 /* ob.png in Resources */ = {isa = PBXBuildFile; fileRef = 9C569C4A2359DE6200106573 /* ob.png */; };
		9C569C4F2359DE6300106573 /* ow.png in Resources */ = {isa = PBXBuildFile; fileRef = 9C569C4B2359DE6300106573 /* ow.png */; };
		9C569C502359DE6300106573 /* uw.png in Resources */ = {isa = PBXBuildFile; fileRef = 9C569C4C2359DE6300106573 /* uw.png */; };
/* End PBXBuildFile section */

/* Begin PBXFileReference section */
		9C569C2E2359DA7400106573 /* LE33x8.app */ = {isa = PBXFileReference; explicitFileType = wrapper.application; includeInIndex = 0; path = LE33x8.app; sourceTree = BUILT_PRODUCTS_DIR; };
		9C569C312359DA7400106573 /* AppDelegate.h */ = {isa = PBXFileReference; lastKnownFileType = sourcecode.c.h; path = AppDelegate.h; sourceTree = "<group>"; };
		9C569C322359DA7400106573 /* AppDelegate.m */ = {isa = PBXFileReference; lastKnownFileType = sourcecode.c.objc; path = AppDelegate.m; sourceTree = "<group>"; };
		9C569C342359DA7400106573 /* ViewController.h */ = {isa = PBXFileReference; lastKnownFileType = sourcecode.c.h; path = ViewController.h; sourceTree = "<group>"; };
		9C569C352359DA7400106573 /* ViewController.m */ = {isa = PBXFileReference; lastKnownFileType = sourcecode.c.objc; path = ViewController.m; sourceTree = "<group>"; };
		9C569C382359DA7400106573 /* Base */ = {isa = PBXFileReference; lastKnownFileType = file.storyboard; name = Base; path = Base.lproj/Main.storyboard; sourceTree = "<group>"; };
		9C569C3A2359DA7500106573 /* Assets.xcassets */ = {isa = PBXFileReference; lastKnownFileType = folder.assetcatalog; path = Assets.xcassets; sourceTree = "<group>"; };
		9C569C3D2359DA7500106573 /* Base */ = {isa = PBXFileReference; lastKnownFileType = file.storyboard; name = Base; path = Base.lproj/LaunchScreen.storyboard; sourceTree = "<group>"; };
		9C569C3F2359DA7500106573 /* Info.plist */ = {isa = PBXFileReference; lastKnownFileType = text.plist.xml; path = Info.plist; sourceTree = "<group>"; };
		9C569C402359DA7500106573 /* main.m */ = {isa = PBXFileReference; lastKnownFileType = sourcecode.c.objc; path = main.m; sourceTree = "<group>"; };
		9C569C492359DE6200106573 /* n.png */ = {isa = PBXFileReference; lastKnownFileType = image.png; path = n.png; sourceTree = "<group>"; };
		9C569C4A2359DE6200106573 /* ob.png */ = {isa = PBXFileReference; lastKnownFileType = image.png; path = ob.png; sourceTree = "<group>"; };
		9C569C4B2359DE6300106573 /* ow.png */ = {isa = PBXFileReference; lastKnownFileType = image.png; path = ow.png; sourceTree = "<group>"; };
		9C569C4C2359DE6300106573 /* uw.png */ = {isa = PBXFileReference; lastKnownFileType = image.png; path = uw.png; sourceTree = "<group>"; };
/* End PBXFileReference section */

/* Begin PBXFrameworksBuildPhase section */
		9C569C2B2359DA7400106573 /* Frameworks */ = {
			isa = PBXFrameworksBuildPhase;
			buildActionMask = 2147483647;
			files = (
			);
			runOnlyForDeploymentPostprocessing = 0;
		};
/* End PBXFrameworksBuildPhase section */

/* Begin PBXGroup section */
		9C569C252359DA7400106573 = {
			isa = PBXGroup;
			children = (
				9C569C302359DA7400106573 /* LE33x8 */,
				9C569C2F2359DA7400106573 /* Products */,
			);
			sourceTree = "<group>";
		};
		9C569C2F2359DA7400106573 /* Products */ = {
			isa = PBXGroup;
			children = (
				9C569C2E2359DA7400106573 /* LE33x8.app */,
			);
			name = Products;
			sourceTree = "<group>";
		};
		9C569C302359DA7400106573 /* LE33x8 */ = {
			isa = PBXGroup;
			children = (
				9C569C312359DA7400106573 /* AppDelegate.h */,
				9C569C322359DA7400106573 /* AppDelegate.m */,
				9C569C342359DA7400106573 /* ViewController.h */,
				9C569C352359DA7400106573 /* ViewController.m */,
				9C569C372359DA7400106573 /* Main.storyboard */,
				9C569C3A2359DA7500106573 /* Assets.xcassets */,
				9C569C3C2359DA7500106573 /* LaunchScreen.storyboard */,
				9C569C3F2359DA7500106573 /* Info.plist */,
				9C569C402359DA7500106573 /* main.m */,
				9C569C492359DE6200106573 /* n.png */,
				9C569C4A2359DE6200106573 /* ob.png */,
				9C569C4B2359DE6300106573 /* ow.png */,
				9C569C4C2359DE6300106573 /* uw.png */,
			);
			path = LE33x8;
			sourceTree = "<group>";
		};
/* End PBXGroup section */

/* Begin PBXNativeTarget section */
		9C569C2D2359DA7400106573 /* LE33x8 */ = {
			isa = PBXNativeTarget;
			buildConfigurationList = 9C569C442359DA7500106573 /* Build configuration list for PBXNativeTarget "LE33x8" */;
			buildPhases = (
				9C569C2A2359DA7400106573 /* Sources */,
				9C569C2B2359DA7400106573 /* Frameworks */,
				9C569C2C2359DA7400106573 /* Resources */,
			);
			buildRules = (
			);
			dependencies = (
			);
			name = LE33x8;
			productName = LE33x8;
			productReference = 9C569C2E2359DA7400106573 /* LE33x8.app */;
			productType = "com.apple.product-type.application";
		};
/* End PBXNativeTarget section */

/* Begin PBXProject section */
		9C569C262359DA7400106573 /* Project object */ = {
			isa = PBXProject;
			attributes = {
				LastUpgradeCheck = 1030;
				ORGANIZATIONNAME = "Bryle Patalinghug";
				TargetAttributes = {
					9C569C2D2359DA7400106573 = {
						CreatedOnToolsVersion = 10.3;
						ProvisioningStyle = Automatic;
					};
				};
			};
			buildConfigurationList = 9C569C292359DA7400106573 /* Build configuration list for PBXProject "LE33x8" */;
			compatibilityVersion = "Xcode 3.2";
			developmentRegion = en;
			hasScannedForEncodings = 0;
			knownRegions = (
				en,
				Base,
			);
			mainGroup = 9C569C252359DA7400106573;
			productRefGroup = 9C569C2F2359DA7400106573 /* Products */;
			projectDirPath = "";
			projectRoot = "";
			targets = (
				9C569C2D2359DA7400106573 /* LE33x8 */,
			);
		};
/* End PBXProject section */

/* Begin PBXResourcesBuildPhase section */
		9C569C2C2359DA7400106573 /* Resources */ = {
			isa = PBXResourcesBuildPhase;
			buildActionMask = 2147483647;
			files = (
				9C569C502359DE6300106573 /* uw.png in Resources */,
				9C569C4E2359DE6300106573 /* ob.png in Resources */,
				9C569C3E2359DA7500106573 /* LaunchScreen.storyboard in Resources */,
				9C569C3B2359DA7500106573 /* Assets.xcassets in Resources */,
				9C569C4D2359DE6300106573 /* n.png in Resources */,
				9C569C392359DA7400106573 /* Main.storyboard in Resources */,
				9C569C4F2359DE6300106573 /* ow.png in Resources */,
			);
			runOnlyForDeploymentPostprocessing = 0;
		};
/* End PBXResourcesBuildPhase section */

/* Begin PBXSourcesBuildPhase section */
		9C569C2A2359DA7400106573 /* Sources */ = {
			isa = PBXSourcesBuildPhase;
			buildActionMask = 2147483647;
			files = (
				9C569C362359DA7400106573 /* ViewController.m in Sources */,
				9C569C412359DA7500106573 /* main.m in Sources */,
				9C569C332359DA7400106573 /* AppDelegate.m in Sources */,
			);
			runOnlyForDeploymentPostprocessing = 0;
		};
/* End PBXSourcesBuildPhase section */

/* Begin PBXVariantGroup section */
		9C569C372359DA7400106573 /* Main.storyboard */ = {
			isa = PBXVariantGroup;
			children = (
				9C569C382359DA7400106573 /* Base */,
			);
			name = Main.storyboard;
			sourceTree = "<group>";
		};
		9C569C3C2359DA7500106573 /* LaunchScreen.storyboard */ = {
			isa = PBXVariantGroup;
			children = (
				9C569C3D2359DA7500106573 /* Base */,
			);
			name = LaunchScreen.storyboard;
			sourceTree = "<group>";
		};
/* End PBXVariantGroup section */

/* Begin XCBuildConfiguration section */
		9C569C422359DA7500106573 /* Debug */ = {
			isa = XCBuildConfiguration;
			buildSettings = {
				ALWAYS_SEARCH_USER_PATHS = NO;
				CLANG_ANALYZER_NONNULL = YES;
				CLANG_ANALYZER_NUMBER_OBJECT_CONVERSION = YES_AGGRESSIVE;
				CLANG_CXX_LANGUAGE_STANDARD = "gnu++14";
				CLANG_CXX_LIBRARY = "libc++";
				CLANG_ENABLE_MODULES = YES;
				CLANG_ENABLE_OBJC_ARC = YES;
				CLANG_ENABLE_OBJC_WEAK = YES;
				CLANG_WARN_BLOCK_CAPTURE_AUTORELEASING = YES;
				CLANG_WARN_BOOL_CONVERSION = YES;
				CLANG_WARN_COMMA = YES;
				CLANG_WARN_CONSTANT_CONVERSION = YES;
				CLANG_WARN_DEPRECATED_OBJC_IMPLEMENTATIONS = YES;
				CLANG_WARN_DIRECT_OBJC_ISA_USAGE = YES_ERROR;
				CLANG_WARN_DOCUMENTATION_COMMENTS = YES;
				CLANG_WARN_EMPTY_BODY = YES;
				CLANG_WARN_ENUM_CONVERSION = YES;
				CLANG_WARN_INFINITE_RECURSION = YES;
				CLANG_WARN_INT_CONVERSION = YES;
				CLANG_WARN_NON_LITERAL_NULL_CONVERSION = YES;
				CLANG_WARN_OBJC_IMPLICIT_RETAIN_SELF = YES;
				CLANG_WARN_OBJC_LITERAL_CONVERSION = YES;
				CLANG_WARN_OBJC_ROOT_CLASS = YES_ERROR;
				CLANG_WARN_RANGE_LOOP_ANALYSIS = YES;
				CLANG_WARN_STRICT_PROTOTYPES = YES;
				CLANG_WARN_SUSPICIOUS_MOVE = YES;
				CLANG_WARN_UNGUARDED_AVAILABILITY = YES_AGGRESSIVE;
				CLANG_WARN_UNREACHABLE_CODE = YES;
				CLANG_WARN__DUPLICATE_METHOD_MATCH = YES;
				CODE_SIGN_IDENTITY = "iPhone Developer";
				COPY_PHASE_STRIP = NO;
				DEBUG_INFORMATION_FORMAT = dwarf;
				ENABLE_STRICT_OBJC_MSGSEND = YES;
				ENABLE_TESTABILITY = YES;
				GCC_C_LANGUAGE_STANDARD = gnu11;
				GCC_DYNAMIC_NO_PIC = NO;
				GCC_NO_COMMON_BLOCKS = YES;
				GCC_OPTIMIZATION_LEVEL = 0;
				GCC_PREPROCESSOR_DEFINITIONS = (
					"DEBUG=1",
					"$(inherited)",
				);
				GCC_WARN_64_TO_32_BIT_CONVERSION = YES;
				GCC_WARN_ABOUT_RETURN_TYPE = YES_ERROR;
				GCC_WARN_UNDECLARED_SELECTOR = YES;
				GCC_WARN_UNINITIALIZED_AUTOS = YES_AGGRESSIVE;
				GCC_WARN_UNUSED_FUNCTION = YES;
				GCC_WARN_UNUSED_VARIABLE = YES;
				IPHONEOS_DEPLOYMENT_TARGET = 12.4;
				MTL_ENABLE_DEBUG_INFO = INCLUDE_SOURCE;
				MTL_FAST_MATH = YES;
				ONLY_ACTIVE_ARCH = YES;
				SDKROOT = iphoneos;
			};
			name = Debug;
		};
		9C569C432359DA7500106573 /* Release */ = {
			isa = XCBuildConfiguration;
			buildSettings = {
				ALWAYS_SEARCH_USER_PATHS = NO;
				CLANG_ANALYZER_NONNULL = YES;
				CLANG_ANALYZER_NUMBER_OBJECT_CONVERSION = YES_AGGRESSIVE;
				CLANG_CXX_LANGUAGE_STANDARD = "gnu++14";
				CLANG_CXX_LIBRARY = "libc++";
				CLANG_ENABLE_MODULES = YES;
				CLANG_ENABLE_OBJC_ARC = YES;
				CLANG_ENABLE_OBJC_WEAK = YES;
				CLANG_WARN_BLOCK_CAPTURE_AUTORELEASING = YES;
				CLANG_WARN_BOOL_CONVERSION = YES;
				CLANG_WARN_COMMA = YES;
				CLANG_WARN_CONSTANT_CONVERSION = YES;
				CLANG_WARN_DEPRECATED_OBJC_IMPLEMENTATIONS = YES;
				CLANG_WARN_DIRECT_OBJC_ISA_USAGE = YES_ERROR;
				CLANG_WARN_DOCUMENTATION_COMMENTS = YES;
				CLANG_WARN_EMPTY_BODY = YES;
				CLANG_WARN_ENUM_CONVERSION = YES;
				CLANG_WARN_INFINITE_RECURSION = YES;
				CLANG_WARN_INT_CONVERSION = YES;
				CLANG_WARN_NON_LITERAL_NULL_CONVERSION = YES;
				CLANG_WARN_OBJC_IMPLICIT_RETAIN_SELF = YES;
				CLANG_WARN_OBJC_LITERAL_CONVERSION = YES;
				CLANG_WARN_OBJC_ROOT_CLASS = YES_ERROR;
				CLANG_WARN_RANGE_LOOP_ANALYSIS = YES;
				CLANG_WARN_STRICT_PROTOTYPES = YES;
				CLANG_WARN_SUSPICIOUS_MOVE = YES;
				CLANG_WARN_UNGUARDED_AVAILABILITY = YES_AGGRESSIVE;
				CLANG_WARN_UNREACHABLE_CODE = YES;
				CLANG_WARN__DUPLICATE_METHOD_MATCH = YES;
				CODE_SIGN_IDENTITY = "iPhone Developer";
				COPY_PHASE_STRIP = NO;
				DEBUG_INFORMATION_FORMAT = "dwarf-with-dsym";
				ENABLE_NS_ASSERTIONS = NO;
				ENABLE_STRICT_OBJC_MSGSEND = YES;
				GCC_C_LANGUAGE_STANDARD = gnu11;
				GCC_NO_COMMON_BLOCKS = YES;
				GCC_WARN_64_TO_32_BIT_CONVERSION = YES;
				GCC_WARN_ABOUT_RETURN_TYPE = YES_ERROR;
				GCC_WARN_UNDECLARED_SELECTOR = YES;
				GCC_WARN_UNINITIALIZED_AUTOS = YES_AGGRESSIVE;
				GCC_WARN_UNUSED_FUNCTION = YES;
				GCC_WARN_UNUSED_VARIABLE = YES;
				IPHONEOS_DEPLOYMENT_TARGET = 12.4;
				MTL_ENABLE_DEBUG_INFO = NO;
				MTL_FAST_MATH = YES;
				SDKROOT = iphoneos;
				VALIDATE_PRODUCT = YES;
			};
			name = Release;
		};
		9C569C452359DA7500106573 /* Debug */ = {
			isa = XCBuildConfiguration;
			buildSettings = {
				ASSETCATALOG_COMPILER_APPICON_NAME = AppIcon;
				CODE_SIGN_STYLE = Automatic;
				INFOPLIST_FILE = LE33x8/Info.plist;
				LD_RUNPATH_SEARCH_PATHS = "$(inherited) @executable_path/Frameworks";
				PRODUCT_BUNDLE_IDENTIFIER = bmp.LE33x8;
				PRODUCT_NAME = "$(TARGET_NAME)";
				TARGETED_DEVICE_FAMILY = "1,2";
			};
			name = Debug;
		};
		9C569C462359DA7500106573 /* Release */ = {
			isa = XCBuildConfiguration;
			buildSettings = {
				ASSETCATALOG_COMPILER_APPICON_NAME = AppIcon;
				CODE_SIGN_STYLE = Automatic;
				INFOPLIST_FILE = LE33x8/Info.plist;
				LD_RUNPATH_SEARCH_PATHS = "$(inherited) @executable_path/Frameworks";
				PRODUCT_BUNDLE_IDENTIFIER = bmp.LE33x8;
				PRODUCT_NAME = "$(TARGET_NAME)";
				TARGETED_DEVICE_FAMILY = "1,2";
			};
			name = Release;
		};
/* End XCBuildConfiguration section */

/* Begin XCConfigurationList section */
		9C569C292359DA7400106573 /* Build configuration list for PBXProject "LE33x8" */ = {
			isa = XCConfigurationList;
			buildConfigurations = (
				9C569C422359DA7500106573 /* Debug */,
				9C569C432359DA7500106573 /* Release */,
			);
			defaultConfigurationIsVisible = 0;
			defaultConfigurationName = Release;
		};
		9C569C442359DA7500106573 /* Build configuration list for PBXNativeTarget "LE33x8" */ = {
			isa = XCConfigurationList;
			buildConfigurations = (
				9C569C452359DA7500106573 /* Debug */,
				9C569C462359DA7500106573 /* Release */,
			);
			defaultConfigurationIsVisible = 0;
			defaultConfigurationName = Release;
		};
/* End XCConfigurationList section */
	};
	rootObject = 9C569C262359DA7400106573 /* Project object */;
}
